
Microsoft Visual Studio Solution File, Format Version 12.00
# Visual Studio Version 17
VisualStudioVersion = 17.14.36414.22 d17.14
MinimumVisualStudioVersion = 10.0.40219.1
Project("{2150E333-8FDC-42A3-9474-1A3956D46DE8}") = "01", "01", "{02EA681E-C7D8-13C7-8484-4AC65E1B71E8}"
EndProject
Project("{FAE04EC0-301F-11D3-BF4B-00C04F79EFBC}") = "IS NUMBERODDORNOT", "IS NUMBERODDORNOT\IS NUMBERODDORNOT.csproj", "{4EF4D5C6-164B-4088-BBD5-5E76DA90B501}"
EndProject
Global
	GlobalSection(SolutionConfigurationPlatforms) = preSolution
		Debug|Any CPU = Debug|Any CPU
		Release|Any CPU = Release|Any CPU
	EndGlobalSection
	GlobalSection(ProjectConfigurationPlatforms) = postSolution
		{4EF4D5C6-164B-4088-BBD5-5E76DA90B501}.Debug|Any CPU.ActiveCfg = Debug|Any CPU
		{4EF4D5C6-164B-4088-BBD5-5E76DA90B501}.Debug|Any CPU.Build.0 = Debug|Any CPU
		{4EF4D5C6-164B-4088-BBD5-5E76DA90B501}.Release|Any CPU.ActiveCfg = Release|Any CPU
		{4EF4D5C6-164B-4088-BBD5-5E76DA90B501}.Release|Any CPU.Build.0 = Release|Any CPU
	EndGlobalSection
	GlobalSection(SolutionProperties) = preSolution
		HideSolutionNode = FALSE
	EndGlobalSection
	GlobalSection(NestedProjects) = preSolution
		{4EF4D5C6-164B-4088-BBD5-5E76DA90B501} = {02EA681E-C7D8-13C7-8484-4AC65E1B71E8}
	EndGlobalSection
	GlobalSection(ExtensibilityGlobals) = postSolution
		SolutionGuid = {6E969687-6F46-49C5-93DB-158638372504}
	EndGlobalSection
EndGlobal
