
Microsoft Visual Studio Solution File, Format Version 12.00
# Visual Studio Version 17
VisualStudioVersion = 17.14.36414.22
MinimumVisualStudioVersion = 10.0.40219.1
Project("{2150E333-8FDC-42A3-9474-1A3956D46DE8}") = "01", "01", "{02EA681E-C7D8-13C7-8484-4AC65E1B71E8}"
EndProject
Project("{FAE04EC0-301F-11D3-BF4B-00C04F79EFBC}") = "IS NUMBERODDORNOT", "IS NUMBERODDORNOT\IS NUMBERODDORNOT.csproj", "{4EF4D5C6-164B-4088-BBD5-5E76DA90B501}"
EndProject
Project("{2150E333-8FDC-42A3-9474-1A3956D46DE8}") = "02", "02", "{5B9CB4B3-6E0B-4F55-92B8-955F0C62B6ED}"
EndProject
Project("{FAE04EC0-301F-11D3-BF4B-00C04F79EFBC}") = "Thegreathestnumber", "Thegreathestnumber\Thegreathestnumber.csproj", "{2784033B-FFE5-4CA5-8155-83A0A63C98C6}"
EndProject
Project("{FAE04EC0-301F-11D3-BF4B-00C04F79EFBC}") = "01mejorado", "01mejorado\01mejorado.csproj", "{5554E909-3396-4CF3-9712-C502B21FE92C}"
EndProject
Project("{2150E333-8FDC-42A3-9474-1A3956D46DE8}") = "Shared", "Shared", "{06FE207D-B36C-4499-9C14-761F4A60BE63}"
EndProject
Project("{FAE04EC0-301F-11D3-BF4B-00C04F79EFBC}") = "Shared", "Shared\Shared.csproj", "{2A001E3D-BB3D-44BB-AE4F-9B88FB038468}"
EndProject
Project("{2150E333-8FDC-42A3-9474-1A3956D46DE8}") = "03", "03", "{DDA76930-72AC-474F-96E9-49601927C098}"
EndProject
Project("{FAE04EC0-301F-11D3-BF4B-00C04F79EFBC}") = "SortNumbers", "SortNumbers\SortNumbers.csproj", "{82FCF464-25E1-4B45-9F2B-B8BE8D27A4C7}"
EndProject
Project("{2150E333-8FDC-42A3-9474-1A3956D46DE8}") = "04", "04", "{016E9C88-8311-4A82-A71F-C0B33865F469}"
EndProject
Project("{FAE04EC0-301F-11D3-BF4B-00C04F79EFBC}") = "Number is a multiple of anothter", "Number is a multiple of anothter\Number is a multiple of anothter.csproj", "{843C79D6-3785-4BDA-979C-54394570C957}"
EndProject
Project("{2150E333-8FDC-42A3-9474-1A3956D46DE8}") = "05", "05", "{A9263442-4E80-47E7-8905-9942598C959F}"
EndProject
Project("{FAE04EC0-301F-11D3-BF4B-00C04F79EFBC}") = "Is leapyear", "Is leapyear\Is leapyear.csproj", "{CCB63615-7E2D-43A6-AE7E-5B71468B49CC}"
EndProject
Project("{2150E333-8FDC-42A3-9474-1A3956D46DE8}") = "06", "06", "{4B65E983-8ED6-4AA0-A20B-B5992ACCC966}"
EndProject
Project("{FAE04EC0-301F-11D3-BF4B-00C04F79EFBC}") = "simple payroll", "simple payroll\simple payroll.csproj", "{B34A744F-694C-4961-89A3-BC52BA7737E3}"
EndProject
Project("{2150E333-8FDC-42A3-9474-1A3956D46DE8}") = "07", "07", "{C8126EAA-EF75-489B-B7C6-2F28360A8222}"
EndProject
Project("{FAE04EC0-301F-11D3-BF4B-00C04F79EFBC}") = "discounts", "discounts\discounts.csproj", "{B81D9C4F-9871-41FE-915A-7225B891E52C}"
EndProject
Project("{2150E333-8FDC-42A3-9474-1A3956D46DE8}") = "08", "08", "{FE502E3F-BDFF-4E86-BD80-4C1C637C4BFC}"
EndProject
Project("{FAE04EC0-301F-11D3-BF4B-00C04F79EFBC}") = "RegistrationValue", "RegistrationValue\RegistrationValue.csproj", "{6376798D-13EA-458C-B056-34D9B4747A67}"
EndProject
Project("{2150E333-8FDC-42A3-9474-1A3956D46DE8}") = "09", "09", "{74A30F23-58DF-44AC-9E40-C0CA6CF0326F}"
EndProject
Project("{FAE04EC0-301F-11D3-BF4B-00C04F79EFBC}") = "shippingOfGoods", "shippingOfGoods\shippingOfGoods.csproj", "{8DFEC673-0510-44E8-B81C-9721B3A6BFC7}"
EndProject
Project("{2150E333-8FDC-42A3-9474-1A3956D46DE8}") = "10", "10", "{D5DAB7D1-2F23-4DB5-9B0B-C818BB0550C9}"
EndProject
Project("{FAE04EC0-301F-11D3-BF4B-00C04F79EFBC}") = "SucesoStore", "SucesoStore\SucesoStore.csproj", "{42E43D5B-6087-47B2-94DA-AD53C105C9EF}"
EndProject
Project("{2150E333-8FDC-42A3-9474-1A3956D46DE8}") = "11", "11", "{08F13C79-5FED-430C-B646-0C8D8132E673}"
EndProject
Project("{FAE04EC0-301F-11D3-BF4B-00C04F79EFBC}") = "TransportationCompany", "TransportationCompany\TransportationCompany.csproj", "{43CA8C81-5E0E-43C0-8C07-5FFF3F2C1E07}"
EndProject
Project("{2150E333-8FDC-42A3-9474-1A3956D46DE8}") = "12", "12", "{A2151514-2649-40FF-BE12-4EF5786C22A5}"
EndProject
Project("{FAE04EC0-301F-11D3-BF4B-00C04F79EFBC}") = "SumAndAverage", "SumAndAverage\SumAndAverage.csproj", "{0F0292B7-9FB7-4B22-A055-8E897C511DF5}"
EndProject
Global
	GlobalSection(SolutionConfigurationPlatforms) = preSolution
		Debug|Any CPU = Debug|Any CPU
		Release|Any CPU = Release|Any CPU
	EndGlobalSection
	GlobalSection(ProjectConfigurationPlatforms) = postSolution
		{4EF4D5C6-164B-4088-BBD5-5E76DA90B501}.Debug|Any CPU.ActiveCfg = Debug|Any CPU
		{4EF4D5C6-164B-4088-BBD5-5E76DA90B501}.Debug|Any CPU.Build.0 = Debug|Any CPU
		{4EF4D5C6-164B-4088-BBD5-5E76DA90B501}.Release|Any CPU.ActiveCfg = Release|Any CPU
		{4EF4D5C6-164B-4088-BBD5-5E76DA90B501}.Release|Any CPU.Build.0 = Release|Any CPU
		{2784033B-FFE5-4CA5-8155-83A0A63C98C6}.Debug|Any CPU.ActiveCfg = Debug|Any CPU
		{2784033B-FFE5-4CA5-8155-83A0A63C98C6}.Debug|Any CPU.Build.0 = Debug|Any CPU
		{2784033B-FFE5-4CA5-8155-83A0A63C98C6}.Release|Any CPU.ActiveCfg = Release|Any CPU
		{2784033B-FFE5-4CA5-8155-83A0A63C98C6}.Release|Any CPU.Build.0 = Release|Any CPU
		{5554E909-3396-4CF3-9712-C502B21FE92C}.Debug|Any CPU.ActiveCfg = Debug|Any CPU
		{5554E909-3396-4CF3-9712-C502B21FE92C}.Debug|Any CPU.Build.0 = Debug|Any CPU
		{5554E909-3396-4CF3-9712-C502B21FE92C}.Release|Any CPU.ActiveCfg = Release|Any CPU
		{5554E909-3396-4CF3-9712-C502B21FE92C}.Release|Any CPU.Build.0 = Release|Any CPU
		{2A001E3D-BB3D-44BB-AE4F-9B88FB038468}.Debug|Any CPU.ActiveCfg = Debug|Any CPU
		{2A001E3D-BB3D-44BB-AE4F-9B88FB038468}.Debug|Any CPU.Build.0 = Debug|Any CPU
		{2A001E3D-BB3D-44BB-AE4F-9B88FB038468}.Release|Any CPU.ActiveCfg = Release|Any CPU
		{2A001E3D-BB3D-44BB-AE4F-9B88FB038468}.Release|Any CPU.Build.0 = Release|Any CPU
		{82FCF464-25E1-4B45-9F2B-B8BE8D27A4C7}.Debug|Any CPU.ActiveCfg = Debug|Any CPU
		{82FCF464-25E1-4B45-9F2B-B8BE8D27A4C7}.Debug|Any CPU.Build.0 = Debug|Any CPU
		{82FCF464-25E1-4B45-9F2B-B8BE8D27A4C7}.Release|Any CPU.ActiveCfg = Release|Any CPU
		{82FCF464-25E1-4B45-9F2B-B8BE8D27A4C7}.Release|Any CPU.Build.0 = Release|Any CPU
		{843C79D6-3785-4BDA-979C-54394570C957}.Debug|Any CPU.ActiveCfg = Debug|Any CPU
		{843C79D6-3785-4BDA-979C-54394570C957}.Debug|Any CPU.Build.0 = Debug|Any CPU
		{843C79D6-3785-4BDA-979C-54394570C957}.Release|Any CPU.ActiveCfg = Release|Any CPU
		{843C79D6-3785-4BDA-979C-54394570C957}.Release|Any CPU.Build.0 = Release|Any CPU
		{CCB63615-7E2D-43A6-AE7E-5B71468B49CC}.Debug|Any CPU.ActiveCfg = Debug|Any CPU
		{CCB63615-7E2D-43A6-AE7E-5B71468B49CC}.Debug|Any CPU.Build.0 = Debug|Any CPU
		{CCB63615-7E2D-43A6-AE7E-5B71468B49CC}.Release|Any CPU.ActiveCfg = Release|Any CPU
		{CCB63615-7E2D-43A6-AE7E-5B71468B49CC}.Release|Any CPU.Build.0 = Release|Any CPU
		{B34A744F-694C-4961-89A3-BC52BA7737E3}.Debug|Any CPU.ActiveCfg = Debug|Any CPU
		{B34A744F-694C-4961-89A3-BC52BA7737E3}.Debug|Any CPU.Build.0 = Debug|Any CPU
		{B34A744F-694C-4961-89A3-BC52BA7737E3}.Release|Any CPU.ActiveCfg = Release|Any CPU
		{B34A744F-694C-4961-89A3-BC52BA7737E3}.Release|Any CPU.Build.0 = Release|Any CPU
		{B81D9C4F-9871-41FE-915A-7225B891E52C}.Debug|Any CPU.ActiveCfg = Debug|Any CPU
		{B81D9C4F-9871-41FE-915A-7225B891E52C}.Debug|Any CPU.Build.0 = Debug|Any CPU
		{B81D9C4F-9871-41FE-915A-7225B891E52C}.Release|Any CPU.ActiveCfg = Release|Any CPU
		{B81D9C4F-9871-41FE-915A-7225B891E52C}.Release|Any CPU.Build.0 = Release|Any CPU
		{6376798D-13EA-458C-B056-34D9B4747A67}.Debug|Any CPU.ActiveCfg = Debug|Any CPU
		{6376798D-13EA-458C-B056-34D9B4747A67}.Debug|Any CPU.Build.0 = Debug|Any CPU
		{6376798D-13EA-458C-B056-34D9B4747A67}.Release|Any CPU.ActiveCfg = Release|Any CPU
		{6376798D-13EA-458C-B056-34D9B4747A67}.Release|Any CPU.Build.0 = Release|Any CPU
		{8DFEC673-0510-44E8-B81C-9721B3A6BFC7}.Debug|Any CPU.ActiveCfg = Debug|Any CPU
		{8DFEC673-0510-44E8-B81C-9721B3A6BFC7}.Debug|Any CPU.Build.0 = Debug|Any CPU
		{8DFEC673-0510-44E8-B81C-9721B3A6BFC7}.Release|Any CPU.ActiveCfg = Release|Any CPU
		{8DFEC673-0510-44E8-B81C-9721B3A6BFC7}.Release|Any CPU.Build.0 = Release|Any CPU
		{42E43D5B-6087-47B2-94DA-AD53C105C9EF}.Debug|Any CPU.ActiveCfg = Debug|Any CPU
		{42E43D5B-6087-47B2-94DA-AD53C105C9EF}.Debug|Any CPU.Build.0 = Debug|Any CPU
		{42E43D5B-6087-47B2-94DA-AD53C105C9EF}.Release|Any CPU.ActiveCfg = Release|Any CPU
		{42E43D5B-6087-47B2-94DA-AD53C105C9EF}.Release|Any CPU.Build.0 = Release|Any CPU
		{43CA8C81-5E0E-43C0-8C07-5FFF3F2C1E07}.Debug|Any CPU.ActiveCfg = Debug|Any CPU
		{43CA8C81-5E0E-43C0-8C07-5FFF3F2C1E07}.Debug|Any CPU.Build.0 = Debug|Any CPU
		{43CA8C81-5E0E-43C0-8C07-5FFF3F2C1E07}.Release|Any CPU.ActiveCfg = Release|Any CPU
		{43CA8C81-5E0E-43C0-8C07-5FFF3F2C1E07}.Release|Any CPU.Build.0 = Release|Any CPU
		{0F0292B7-9FB7-4B22-A055-8E897C511DF5}.Debug|Any CPU.ActiveCfg = Debug|Any CPU
		{0F0292B7-9FB7-4B22-A055-8E897C511DF5}.Debug|Any CPU.Build.0 = Debug|Any CPU
		{0F0292B7-9FB7-4B22-A055-8E897C511DF5}.Release|Any CPU.ActiveCfg = Release|Any CPU
		{0F0292B7-9FB7-4B22-A055-8E897C511DF5}.Release|Any CPU.Build.0 = Release|Any CPU
	EndGlobalSection
	GlobalSection(SolutionProperties) = preSolution
		HideSolutionNode = FALSE
	EndGlobalSection
	GlobalSection(NestedProjects) = preSolution
		{4EF4D5C6-164B-4088-BBD5-5E76DA90B501} = {02EA681E-C7D8-13C7-8484-4AC65E1B71E8}
		{2784033B-FFE5-4CA5-8155-83A0A63C98C6} = {5B9CB4B3-6E0B-4F55-92B8-955F0C62B6ED}
		{5554E909-3396-4CF3-9712-C502B21FE92C} = {02EA681E-C7D8-13C7-8484-4AC65E1B71E8}
		{2A001E3D-BB3D-44BB-AE4F-9B88FB038468} = {06FE207D-B36C-4499-9C14-761F4A60BE63}
		{82FCF464-25E1-4B45-9F2B-B8BE8D27A4C7} = {DDA76930-72AC-474F-96E9-49601927C098}
		{843C79D6-3785-4BDA-979C-54394570C957} = {016E9C88-8311-4A82-A71F-C0B33865F469}
		{CCB63615-7E2D-43A6-AE7E-5B71468B49CC} = {A9263442-4E80-47E7-8905-9942598C959F}
		{B34A744F-694C-4961-89A3-BC52BA7737E3} = {4B65E983-8ED6-4AA0-A20B-B5992ACCC966}
		{B81D9C4F-9871-41FE-915A-7225B891E52C} = {C8126EAA-EF75-489B-B7C6-2F28360A8222}
		{6376798D-13EA-458C-B056-34D9B4747A67} = {FE502E3F-BDFF-4E86-BD80-4C1C637C4BFC}
		{8DFEC673-0510-44E8-B81C-9721B3A6BFC7} = {74A30F23-58DF-44AC-9E40-C0CA6CF0326F}
		{42E43D5B-6087-47B2-94DA-AD53C105C9EF} = {D5DAB7D1-2F23-4DB5-9B0B-C818BB0550C9}
		{43CA8C81-5E0E-43C0-8C07-5FFF3F2C1E07} = {08F13C79-5FED-430C-B646-0C8D8132E673}
		{0F0292B7-9FB7-4B22-A055-8E897C511DF5} = {A2151514-2649-40FF-BE12-4EF5786C22A5}
	EndGlobalSection
	GlobalSection(ExtensibilityGlobals) = postSolution
		SolutionGuid = {6E969687-6F46-49C5-93DB-158638372504}
	EndGlobalSection
EndGlobal
